<?xml version="1.0" encoding="utf-8"?>
<Project ToolsVersion="4.0" xmlns="http://schemas.microsoft.com/developer/msbuild/2003">
  <ItemGroup>
    <Filter Include="Source Files">
      <UniqueIdentifier>{4FC737F1-C7A5-4376-A066-2A32D752A2FF}</UniqueIdentifier>
      <Extensions>cpp;c;cc;cxx;def;odl;idl;hpj;bat;asm;asmx</Extensions>
    </Filter>
    <Filter Include="Header Files">
      <UniqueIdentifier>{93995380-89BD-4b04-88EB-625FBE52EBFB}</UniqueIdentifier>
      <Extensions>h;hpp;hxx;hm;inl;inc;xsd</Extensions>
    </Filter>
    <Filter Include="Resource Files">
      <UniqueIdentifier>{67DA6AB6-F800-4c08-8B7A-83BB121AAD01}</UniqueIdentifier>
      <Extensions>rc;ico;cur;bmp;dlg;rc2;rct;bin;rgs;gif;jpg;jpeg;jpe;resx;tiff;tif;png;wav</Extensions>
    </Filter>
    <Filter Include="SDK">
      <UniqueIdentifier>{ed70871e-c6be-42d0-af01-c8b08e7645b3}</UniqueIdentifier>
    </Filter>
    <Filter Include="zlib">
      <UniqueIdentifier>{be3a7952-1237-418c-82bb-d56f3b0f9204}</UniqueIdentifier>
    </Filter>
    <Filter Include="md5">
      <UniqueIdentifier>{a4ac4f24-40e4-481c-9bd8-42a6f5b379f0}</UniqueIdentifier>
    </Filter>
  </ItemGroup>
  <ItemGroup>
    <ClCompile Include="..\BaseRuntime.cpp">
      <Filter>Source Files</Filter>
    </ClCompile>
    <ClCompile Include="..\dll_exports.cpp">
      <Filter>Source Files</Filter>
    </ClCompile>
    <ClCompile Include="..\engine2.cpp">
      <Filter>Source Files</Filter>
    </ClCompile>
    <ClCompile Include="..\jit_function.cpp">
      <Filter>Source Files</Filter>
    </ClCompile>
    <ClCompile Include="..\x86\jit_x86.cpp">
      <Filter>Source Files</Filter>
    </ClCompile>
    <ClCompile Include="..\..\..\knight\shared\KeCodeAllocator.cpp">
      <Filter>Source Files</Filter>
    </ClCompile>
    <ClCompile Include="..\x86\opcode_helpers.cpp">
      <Filter>Source Files</Filter>
    </ClCompile>
    <ClCompile Include="..\sp_vm_basecontext.cpp">
      <Filter>Source Files</Filter>
    </ClCompile>
    <ClCompile Include="..\sp_vm_engine.cpp">
      <Filter>Source Files</Filter>
    </ClCompile>
    <ClCompile Include="..\sp_vm_function.cpp">
      <Filter>Source Files</Filter>
    </ClCompile>
    <ClCompile Include="..\zlib\adler32.c">
      <Filter>zlib</Filter>
    </ClCompile>
    <ClCompile Include="..\zlib\compress.c">
      <Filter>zlib</Filter>
    </ClCompile>
    <ClCompile Include="..\zlib\crc32.c">
      <Filter>zlib</Filter>
    </ClCompile>
    <ClCompile Include="..\zlib\deflate.c">
      <Filter>zlib</Filter>
    </ClCompile>
    <ClCompile Include="..\zlib\gzio.c">
      <Filter>zlib</Filter>
    </ClCompile>
    <ClCompile Include="..\zlib\infback.c">
      <Filter>zlib</Filter>
    </ClCompile>
    <ClCompile Include="..\zlib\inffast.c">
      <Filter>zlib</Filter>
    </ClCompile>
    <ClCompile Include="..\zlib\inflate.c">
      <Filter>zlib</Filter>
    </ClCompile>
    <ClCompile Include="..\zlib\inftrees.c">
      <Filter>zlib</Filter>
    </ClCompile>
    <ClCompile Include="..\zlib\trees.c">
      <Filter>zlib</Filter>
    </ClCompile>
    <ClCompile Include="..\zlib\uncompr.c">
      <Filter>zlib</Filter>
    </ClCompile>
    <ClCompile Include="..\zlib\zutil.c">
      <Filter>zlib</Filter>
    </ClCompile>
    <ClCompile Include="..\md5\md5.cpp">
      <Filter>md5</Filter>
    </ClCompile>
  </ItemGroup>
  <ItemGroup>
    <ClInclude Include="..\BaseRuntime.h">
      <Filter>Header Files</Filter>
    </ClInclude>
    <ClInclude Include="..\dll_exports.h">
      <Filter>Header Files</Filter>
    </ClInclude>
    <ClInclude Include="..\engine2.h">
      <Filter>Header Files</Filter>
    </ClInclude>
    <ClInclude Include="..\jit_function.h">
      <Filter>Header Files</Filter>
    </ClInclude>
    <ClInclude Include="..\jit_shared.h">
      <Filter>Header Files</Filter>
    </ClInclude>
    <ClInclude Include="..\jit_version.h">
      <Filter>Header Files</Filter>
    </ClInclude>
    <ClInclude Include="..\x86\jit_x86.h">
      <Filter>Header Files</Filter>
    </ClInclude>
    <ClInclude Include="..\x86\opcode_helpers.h">
      <Filter>Header Files</Filter>
    </ClInclude>
    <ClInclude Include="..\sp_vm_basecontext.h">
      <Filter>Header Files</Filter>
    </ClInclude>
    <ClInclude Include="..\sp_vm_engine.h">
      <Filter>Header Files</Filter>
    </ClInclude>
    <ClInclude Include="..\sp_vm_function.h">
      <Filter>Header Files</Filter>
    </ClInclude>
    <ClInclude Include="..\..\..\public\sourcepawn\sp_file_headers.h">
      <Filter>SDK</Filter>
    </ClInclude>
    <ClInclude Include="..\..\..\public\sourcepawn\sp_typeutil.h">
      <Filter>SDK</Filter>
    </ClInclude>
    <ClInclude Include="..\..\..\public\sourcepawn\sp_vm_api.h">
      <Filter>SDK</Filter>
    </ClInclude>
    <ClInclude Include="..\..\..\public\sourcepawn\sp_vm_base.h">
      <Filter>SDK</Filter>
    </ClInclude>
    <ClInclude Include="..\..\..\public\sourcepawn\sp_vm_types.h">
      <Filter>SDK</Filter>
    </ClInclude>
    <ClInclude Include="..\md5\md5.h">
      <Filter>md5</Filter>
    </ClInclude>
  </ItemGroup>
  <ItemGroup>
    <ResourceCompile Include="..\version.rc">
      <Filter>Resource Files</Filter>
    </ResourceCompile>
  </ItemGroup>
</Project>