
Microsoft Visual Studio Solution File, Format Version 10.00
# Visual Studio 2008
Project("{8BC9CEB8-8B4A-11D0-8D11-00A0C91BC942}") = "gamedatamd5", "gamedatamd5.vcproj", "{E1C96598-E1AC-4928-8930-F8B6CD245B12}"
EndProject
Global
	GlobalSection(SolutionConfigurationPlatforms) = preSolution
		Debug|Win32 = Debug|Win32
		Release|Win32 = Release|Win32
	EndGlobalSection
	GlobalSection(ProjectConfigurationPlatforms) = postSolution
		{E1C96598-E1AC-4928-8930-F8B6CD245B12}.Debug|Win32.ActiveCfg = Debug|Win32
		{E1C96598-E1AC-4928-8930-F8B6CD245B12}.Debug|Win32.Build.0 = Debug|Win32
		{E1C96598-E1AC-4928-8930-F8B6CD245B12}.Release|Win32.ActiveCfg = Release|Win32
		{E1C96598-E1AC-4928-8930-F8B6CD245B12}.Release|Win32.Build.0 = Release|Win32
	EndGlobalSection
	GlobalSection(SolutionProperties) = preSolution
		HideSolutionNode = FALSE
	EndGlobalSection
EndGlobal
