
Microsoft Visual Studio Solution File, Format Version 12.00
# Visual Studio 2013
VisualStudioVersion = 12.0.31101.0
MinimumVisualStudioVersion = 10.0.40219.1
Project("{8BC9CEB8-8B4A-11D0-8D11-00A0C91BC942}") = "sdk", "sdk.vcxproj", "{B3E797CF-4E77-4C9D-B8A8-7589B6902206}"
EndProject
Global
	GlobalSection(SolutionConfigurationPlatforms) = preSolution
		GlobalSection(SolutionConfigurationPlatforms) = preSolution
		Debug - CSGO|Win32 = Debug - CSGO|Win32
		Debug - Alien Swarm|Win32 = Debug - Alien Swarm|Win32
		Debug - CSS|Win32 = Debug - CSS|Win32
		Debug - Dark Messiah|Win32 = Debug - Dark Messiah|Win32
		Debug - Episode 1|Win32 = Debug - Episode 1|Win32
		Debug - Left 4 Dead 2|Win32 = Debug - Left 4 Dead 2|Win32
		Debug - Left 4 Dead|Win32 = Debug - Left 4 Dead|Win32
		Debug - Old Metamod|Win32 = Debug - Old Metamod|Win32
		Debug - Orange Box Valve|Win32 = Debug - Orange Box Valve|Win32
		Debug - Orange Box|Win32 = Debug - Orange Box|Win32
		Debug|Win32 = Debug|Win32
		Release - CSGO|Win32 = Release - CSGO|Win32
		Release - CSS|Win32 = Release - CSS|Win32
		Release - Alien Swarm|Win32 = Release - Alien Swarm|Win32
		Release - Dark Messiah|Win32 = Release - Dark Messiah|Win32
		Release - Episode 1|Win32 = Release - Episode 1|Win32
		Release - Left 4 Dead 2|Win32 = Release - Left 4 Dead 2|Win32
		Release - Left 4 Dead|Win32 = Release - Left 4 Dead|Win32
		Release - Old Metamod|Win32 = Release - Old Metamod|Win32
		Release - Orange Box Valve|Win32 = Release - Orange Box Valve|Win32
		Release - Orange Box|Win32 = Release - Orange Box|Win32
		Release|Win32 = Release|Win32
	EndGlobalSection
	EndGlobalSection
	GlobalSection(ProjectConfigurationPlatforms) = postSolution
		{B3E797CF-4E77-4C9D-B8A8-7589B6902206}.Debug - Alien Swarm|Win32.ActiveCfg = Debug - Alien Swarm|Win32
		{B3E797CF-4E77-4C9D-B8A8-7589B6902206}.Debug - Alien Swarm|Win32.Build.0 = Debug - Alien Swarm|Win32
		{B3E797CF-4E77-4C9D-B8A8-7589B6902206}.Debug - CSGO|Win32.ActiveCfg = Debug - CSGO|Win32
		{B3E797CF-4E77-4C9D-B8A8-7589B6902206}.Debug - CSGO|Win32.Build.0 = Debug - CSGO|Win32
		{B3E797CF-4E77-4C9D-B8A8-7589B6902206}.Debug - CSS|Win32.ActiveCfg = Debug - CSS|Win32
		{B3E797CF-4E77-4C9D-B8A8-7589B6902206}.Debug - CSS|Win32.Build.0 = Debug - CSS|Win32
		{B3E797CF-4E77-4C9D-B8A8-7589B6902206}.Debug - Dark Messiah|Win32.ActiveCfg = Debug - Dark Messiah|Win32
		{B3E797CF-4E77-4C9D-B8A8-7589B6902206}.Debug - Dark Messiah|Win32.Build.0 = Debug - Dark Messiah|Win32
		{B3E797CF-4E77-4C9D-B8A8-7589B6902206}.Debug - Episode 1|Win32.ActiveCfg = Debug - Episode 1|Win32
		{B3E797CF-4E77-4C9D-B8A8-7589B6902206}.Debug - Episode 1|Win32.Build.0 = Debug - Episode 1|Win32
		{B3E797CF-4E77-4C9D-B8A8-7589B6902206}.Debug - Left 4 Dead 2|Win32.ActiveCfg = Debug - Left 4 Dead 2|Win32
		{B3E797CF-4E77-4C9D-B8A8-7589B6902206}.Debug - Left 4 Dead 2|Win32.Build.0 = Debug - Left 4 Dead 2|Win32
		{B3E797CF-4E77-4C9D-B8A8-7589B6902206}.Debug - Left 4 Dead|Win32.ActiveCfg = Debug - Left 4 Dead|Win32
		{B3E797CF-4E77-4C9D-B8A8-7589B6902206}.Debug - Left 4 Dead|Win32.Build.0 = Debug - Left 4 Dead|Win32
		{B3E797CF-4E77-4C9D-B8A8-7589B6902206}.Debug - Old Metamod|Win32.ActiveCfg = Debug - Old Metamod|Win32
		{B3E797CF-4E77-4C9D-B8A8-7589B6902206}.Debug - Old Metamod|Win32.Build.0 = Debug - Old Metamod|Win32
		{B3E797CF-4E77-4C9D-B8A8-7589B6902206}.Debug - Orange Box Valve|Win32.ActiveCfg = Debug - Orange Box Valve|Win32
		{B3E797CF-4E77-4C9D-B8A8-7589B6902206}.Debug - Orange Box Valve|Win32.Build.0 = Debug - Orange Box Valve|Win32
		{B3E797CF-4E77-4C9D-B8A8-7589B6902206}.Debug - Orange Box|Win32.ActiveCfg = Debug - Orange Box|Win32
		{B3E797CF-4E77-4C9D-B8A8-7589B6902206}.Debug - Orange Box|Win32.Build.0 = Debug - Orange Box|Win32
		{B3E797CF-4E77-4C9D-B8A8-7589B6902206}.Debug|Win32.ActiveCfg = Debug|Win32
		{B3E797CF-4E77-4C9D-B8A8-7589B6902206}.Debug|Win32.Build.0 = Debug|Win32
		{B3E797CF-4E77-4C9D-B8A8-7589B6902206}.Release - Alien Swarm|Win32.ActiveCfg = Release - Alien Swarm|Win32
		{B3E797CF-4E77-4C9D-B8A8-7589B6902206}.Release - Alien Swarm|Win32.Build.0 = Release - Alien Swarm|Win32
		{B3E797CF-4E77-4C9D-B8A8-7589B6902206}.Release - Dark Messiah|Win32.ActiveCfg = Release - Dark Messiah|Win32
		{B3E797CF-4E77-4C9D-B8A8-7589B6902206}.Release - Dark Messiah|Win32.Build.0 = Release - Dark Messiah|Win32
		{B3E797CF-4E77-4C9D-B8A8-7589B6902206}.Release - CSGO|Win32.ActiveCfg = Release - CSGO|Win32
		{B3E797CF-4E77-4C9D-B8A8-7589B6902206}.Release - CSGO|Win32.Build.0 = Release - CSGO|Win32
		{B3E797CF-4E77-4C9D-B8A8-7589B6902206}.Release - CSS|Win32.ActiveCfg = Release - CSS|Win32
		{B3E797CF-4E77-4C9D-B8A8-7589B6902206}.Release - CSS|Win32.Build.0 = Release - CSS|Win32
		{B3E797CF-4E77-4C9D-B8A8-7589B6902206}.Release - Episode 1|Win32.ActiveCfg = Release - Episode 1|Win32
		{B3E797CF-4E77-4C9D-B8A8-7589B6902206}.Release - Episode 1|Win32.Build.0 = Release - Episode 1|Win32
		{B3E797CF-4E77-4C9D-B8A8-7589B6902206}.Release - Left 4 Dead 2|Win32.ActiveCfg = Release - Left 4 Dead 2|Win32
		{B3E797CF-4E77-4C9D-B8A8-7589B6902206}.Release - Left 4 Dead 2|Win32.Build.0 = Release - Left 4 Dead 2|Win32
		{B3E797CF-4E77-4C9D-B8A8-7589B6902206}.Release - Left 4 Dead|Win32.ActiveCfg = Release - Left 4 Dead|Win32
		{B3E797CF-4E77-4C9D-B8A8-7589B6902206}.Release - Left 4 Dead|Win32.Build.0 = Release - Left 4 Dead|Win32
		{B3E797CF-4E77-4C9D-B8A8-7589B6902206}.Release - Old Metamod|Win32.ActiveCfg = Release - Old Metamod|Win32
		{B3E797CF-4E77-4C9D-B8A8-7589B6902206}.Release - Old Metamod|Win32.Build.0 = Release - Old Metamod|Win32
		{B3E797CF-4E77-4C9D-B8A8-7589B6902206}.Release - Orange Box Valve|Win32.ActiveCfg = Release - Orange Box Valve|Win32
		{B3E797CF-4E77-4C9D-B8A8-7589B6902206}.Release - Orange Box Valve|Win32.Build.0 = Release - Orange Box Valve|Win32
		{B3E797CF-4E77-4C9D-B8A8-7589B6902206}.Release - Orange Box|Win32.ActiveCfg = Release - Orange Box|Win32
		{B3E797CF-4E77-4C9D-B8A8-7589B6902206}.Release - Orange Box|Win32.Build.0 = Release - Orange Box|Win32
		{B3E797CF-4E77-4C9D-B8A8-7589B6902206}.Release|Win32.ActiveCfg = Release|Win32
		{B3E797CF-4E77-4C9D-B8A8-7589B6902206}.Release|Win32.Build.0 = Release|Win32
	EndGlobalSection
	
	GlobalSection(SolutionProperties) = preSolution
		HideSolutionNode = FALSE
	EndGlobalSection
EndGlobal
