
Microsoft Visual Studio Solution File, Format Version 11.00
# Visual Studio 2010
Project("{8BC9CEB8-8B4A-11D0-8D11-00A0C91BC942}") = "jit-x86", "jit-x86.vcxproj", "{6EF06E6E-0ED5-4E2D-A8F3-01DD1EC25BA7}"
EndProject
Global
	GlobalSection(SolutionConfigurationPlatforms) = preSolution
		Debug|Win32 = Debug|Win32
		Release|Win32 = Release|Win32
	EndGlobalSection
	GlobalSection(ProjectConfigurationPlatforms) = postSolution
		{6EF06E6E-0ED5-4E2D-A8F3-01DD1EC25BA7}.Debug|Win32.ActiveCfg = Debug|Win32
		{6EF06E6E-0ED5-4E2D-A8F3-01DD1EC25BA7}.Debug|Win32.Build.0 = Debug|Win32
		{6EF06E6E-0ED5-4E2D-A8F3-01DD1EC25BA7}.Release|Win32.ActiveCfg = Release|Win32
		{6EF06E6E-0ED5-4E2D-A8F3-01DD1EC25BA7}.Release|Win32.Build.0 = Release|Win32
	EndGlobalSection
	GlobalSection(SolutionProperties) = preSolution
		HideSolutionNode = FALSE
	EndGlobalSection
EndGlobal
