
Microsoft Visual Studio Solution File, Format Version 10.00
# Visual C# Express 2008
Project("{FAE04EC0-301F-11D3-BF4B-00C04F79EFBC}") = "incparser", "incparser.csproj", "{064EA9DC-51DC-4EE5-843B-0E3F7069635E}"
EndProject
Global
	GlobalSection(SolutionConfigurationPlatforms) = preSolution
		Debug|Any CPU = Debug|Any CPU
		Release|Any CPU = Release|Any CPU
	EndGlobalSection
	GlobalSection(ProjectConfigurationPlatforms) = postSolution
		{064EA9DC-51DC-4EE5-843B-0E3F7069635E}.Debug|Any CPU.ActiveCfg = Debug|Any CPU
		{064EA9DC-51DC-4EE5-843B-0E3F7069635E}.Debug|Any CPU.Build.0 = Debug|Any CPU
		{064EA9DC-51DC-4EE5-843B-0E3F7069635E}.Release|Any CPU.ActiveCfg = Release|Any CPU
		{064EA9DC-51DC-4EE5-843B-0E3F7069635E}.Release|Any CPU.Build.0 = Release|Any CPU
	EndGlobalSection
	GlobalSection(SolutionProperties) = preSolution
		HideSolutionNode = FALSE
	EndGlobalSection
EndGlobal
