Microsoft Visual Studio Solution File, Format Version 10.00
# Visual Studio 2008
Project("{FAE04EC0-301F-11D3-BF4B-00C04F79EFBC}") = "builder", "builder.csproj", "{BFC4EB78-4C3E-4C81-8EAD-5A1A2F126512}"
EndProject
Global
	GlobalSection(SolutionConfigurationPlatforms) = preSolution
		Debug|Any CPU = Debug|Any CPU
		Release|Any CPU = Release|Any CPU
	EndGlobalSection
	GlobalSection(ProjectConfigurationPlatforms) = postSolution
		{BFC4EB78-4C3E-4C81-8EAD-5A1A2F126512}.Debug|Any CPU.ActiveCfg = Debug|Any CPU
		{BFC4EB78-4C3E-4C81-8EAD-5A1A2F126512}.Debug|Any CPU.Build.0 = Debug|Any CPU
		{BFC4EB78-4C3E-4C81-8EAD-5A1A2F126512}.Release|Any CPU.ActiveCfg = Release|Any CPU
		{BFC4EB78-4C3E-4C81-8EAD-5A1A2F126512}.Release|Any CPU.Build.0 = Release|Any CPU
	EndGlobalSection
	GlobalSection(SolutionProperties) = preSolution
		HideSolutionNode = FALSE
	EndGlobalSection
EndGlobal
