<?xml version="1.0" encoding="utf-8"?>
<Project ToolsVersion="4.0" xmlns="http://schemas.microsoft.com/developer/msbuild/2003">
  <ItemGroup>
    <Filter Include="Source Files">
      <UniqueIdentifier>{4FC737F1-C7A5-4376-A066-2A32D752A2FF}</UniqueIdentifier>
      <Extensions>cpp;c;cc;cxx;def;odl;idl;hpj;bat;asm;asmx</Extensions>
    </Filter>
    <Filter Include="Header Files">
      <UniqueIdentifier>{93995380-89BD-4b04-88EB-625FBE52EBFB}</UniqueIdentifier>
      <Extensions>h;hpp;hxx;hm;inl;inc;xsd</Extensions>
    </Filter>
    <Filter Include="Interfaces">
      <UniqueIdentifier>{10C69360-9E8E-4a43-BCEF-E9373B3641BC}</UniqueIdentifier>
    </Filter>
    <Filter Include="SourcePawn">
      <UniqueIdentifier>{C3C3DC6E-E392-4916-B893-7ACB92192DE0}</UniqueIdentifier>
    </Filter>
    <Filter Include="HL2SDK">
      <UniqueIdentifier>{80B56842-7A9F-4d5d-8149-767C285D0EB4}</UniqueIdentifier>
    </Filter>
    <Filter Include="Natives">
      <UniqueIdentifier>{052D6D9B-7B50-4c3c-9B82-32CA908DEF24}</UniqueIdentifier>
    </Filter>
    <Filter Include="Resources">
      <UniqueIdentifier>{2A750240-7C10-455f-A900-B9A9D362356C}</UniqueIdentifier>
      <Extensions>rc;ico;cur;bmp;dlg;rc2;rct;bin;rgs;gif;jpg;jpeg;jpe;resx;tiff;tif;png;wav</Extensions>
    </Filter>
  </ItemGroup>
  <ItemGroup>
    <ClCompile Include="..\AdminCache.cpp">
      <Filter>Source Files</Filter>
    </ClCompile>
    <ClCompile Include="..\ADTFactory.cpp">
      <Filter>Source Files</Filter>
    </ClCompile>
    <ClCompile Include="..\CDataPack.cpp">
      <Filter>Source Files</Filter>
    </ClCompile>
    <ClCompile Include="..\ChatTriggers.cpp">
      <Filter>Source Files</Filter>
    </ClCompile>
    <ClCompile Include="..\concmd_cleaner.cpp">
      <Filter>Source Files</Filter>
    </ClCompile>
    <ClCompile Include="..\ConCmdManager.cpp">
      <Filter>Source Files</Filter>
    </ClCompile>
    <ClCompile Include="..\ConsoleDetours.cpp">
      <Filter>Source Files</Filter>
    </ClCompile>
    <ClCompile Include="..\ConVarManager.cpp">
      <Filter>Source Files</Filter>
    </ClCompile>
    <ClCompile Include="..\CoreConfig.cpp">
      <Filter>Source Files</Filter>
    </ClCompile>
    <ClCompile Include="..\CrazyDebugger.cpp">
      <Filter>Source Files</Filter>
    </ClCompile>
    <ClCompile Include="..\Database.cpp">
      <Filter>Source Files</Filter>
    </ClCompile>
    <ClCompile Include="..\DebugReporter.cpp">
      <Filter>Source Files</Filter>
    </ClCompile>
    <ClCompile Include="..\EventManager.cpp">
      <Filter>Source Files</Filter>
    </ClCompile>
    <ClCompile Include="..\ExtensionSys.cpp">
      <Filter>Source Files</Filter>
    </ClCompile>
    <ClCompile Include="..\ForwardSys.cpp">
      <Filter>Source Files</Filter>
    </ClCompile>
    <ClCompile Include="..\frame_hooks.cpp">
      <Filter>Source Files</Filter>
    </ClCompile>
    <ClCompile Include="..\HalfLife2.cpp">
      <Filter>Source Files</Filter>
    </ClCompile>
    <ClCompile Include="..\HandleSys.cpp">
      <Filter>Source Files</Filter>
    </ClCompile>
    <ClCompile Include="..\LibrarySys.cpp">
      <Filter>Source Files</Filter>
    </ClCompile>
    <ClCompile Include="..\Logger.cpp">
      <Filter>Source Files</Filter>
    </ClCompile>
    <ClCompile Include="..\logic_bridge.cpp">
      <Filter>Source Files</Filter>
    </ClCompile>
    <ClCompile Include="..\MenuManager.cpp">
      <Filter>Source Files</Filter>
    </ClCompile>
    <ClCompile Include="..\MenuStyle_Base.cpp">
      <Filter>Source Files</Filter>
    </ClCompile>
    <ClCompile Include="..\MenuStyle_Radio.cpp">
      <Filter>Source Files</Filter>
    </ClCompile>
    <ClCompile Include="..\MenuStyle_Valve.cpp">
      <Filter>Source Files</Filter>
    </ClCompile>
    <ClCompile Include="..\MenuVoting.cpp">
      <Filter>Source Files</Filter>
    </ClCompile>
    <ClCompile Include="..\NativeInvoker.cpp">
      <Filter>Source Files</Filter>
    </ClCompile>
    <ClCompile Include="..\NativeOwner.cpp">
      <Filter>Source Files</Filter>
    </ClCompile>
    <ClCompile Include="..\NextMap.cpp">
      <Filter>Source Files</Filter>
    </ClCompile>
    <ClCompile Include="..\PlayerManager.cpp">
      <Filter>Source Files</Filter>
    </ClCompile>
    <ClCompile Include="..\PluginInfoDatabase.cpp">
      <Filter>Source Files</Filter>
    </ClCompile>
    <ClCompile Include="..\PluginSys.cpp">
      <Filter>Source Files</Filter>
    </ClCompile>
    <ClCompile Include="..\ShareSys.cpp">
      <Filter>Source Files</Filter>
    </ClCompile>
    <ClCompile Include="..\sm_autonatives.cpp">
      <Filter>Source Files</Filter>
    </ClCompile>
    <ClCompile Include="..\sm_srvcmds.cpp">
      <Filter>Source Files</Filter>
    </ClCompile>
    <ClCompile Include="..\sm_stringutil.cpp">
      <Filter>Source Files</Filter>
    </ClCompile>
    <ClCompile Include="..\sm_trie.cpp">
      <Filter>Source Files</Filter>
    </ClCompile>
    <ClCompile Include="..\sourcemm_api.cpp">
      <Filter>Source Files</Filter>
    </ClCompile>
    <ClCompile Include="..\sourcemod.cpp">
      <Filter>Source Files</Filter>
    </ClCompile>
    <ClCompile Include="..\TimerSys.cpp">
      <Filter>Source Files</Filter>
    </ClCompile>
    <ClCompile Include="..\UserMessages.cpp">
      <Filter>Source Files</Filter>
    </ClCompile>
    <ClCompile Include="..\smn_bitbuffer.cpp">
      <Filter>Natives</Filter>
    </ClCompile>
    <ClCompile Include="..\smn_console.cpp">
      <Filter>Natives</Filter>
    </ClCompile>
    <ClCompile Include="..\smn_core.cpp">
      <Filter>Natives</Filter>
    </ClCompile>
    <ClCompile Include="..\smn_database.cpp">
      <Filter>Natives</Filter>
    </ClCompile>
    <ClCompile Include="..\smn_entities.cpp">
      <Filter>Natives</Filter>
    </ClCompile>
    <ClCompile Include="..\smn_events.cpp">
      <Filter>Natives</Filter>
    </ClCompile>
    <ClCompile Include="..\smn_fakenatives.cpp">
      <Filter>Natives</Filter>
    </ClCompile>
    <ClCompile Include="..\smn_filesystem.cpp">
      <Filter>Natives</Filter>
    </ClCompile>
    <ClCompile Include="..\smn_halflife.cpp">
      <Filter>Natives</Filter>
    </ClCompile>
    <ClCompile Include="..\smn_hudtext.cpp">
      <Filter>Natives</Filter>
    </ClCompile>
    <ClCompile Include="..\smn_keyvalues.cpp">
      <Filter>Natives</Filter>
    </ClCompile>
    <ClCompile Include="..\smn_menus.cpp">
      <Filter>Natives</Filter>
    </ClCompile>
    <ClCompile Include="..\smn_nextmap.cpp">
      <Filter>Natives</Filter>
    </ClCompile>
    <ClCompile Include="..\smn_player.cpp">
      <Filter>Natives</Filter>
    </ClCompile>
    <ClCompile Include="..\smn_usermsgs.cpp">
      <Filter>Natives</Filter>
    </ClCompile>
    <ClCompile Include="..\smn_vector.cpp">
      <Filter>Natives</Filter>
    </ClCompile>
  </ItemGroup>
  <ItemGroup>
    <ClInclude Include="..\AdminCache.h">
      <Filter>Header Files</Filter>
    </ClInclude>
    <ClInclude Include="..\ADTFactory.h">
      <Filter>Header Files</Filter>
    </ClInclude>
    <ClInclude Include="..\CDataPack.h">
      <Filter>Header Files</Filter>
    </ClInclude>
    <ClInclude Include="..\CellArray.h">
      <Filter>Header Files</Filter>
    </ClInclude>
    <ClInclude Include="..\CellRecipientFilter.h">
      <Filter>Header Files</Filter>
    </ClInclude>
    <ClInclude Include="..\ChatTriggers.h">
      <Filter>Header Files</Filter>
    </ClInclude>
    <ClInclude Include="..\..\public\compat_wrappers.h">
      <Filter>Header Files</Filter>
    </ClInclude>
    <ClInclude Include="..\concmd_cleaner.h">
      <Filter>Header Files</Filter>
    </ClInclude>
    <ClInclude Include="..\ConCmdManager.h">
      <Filter>Header Files</Filter>
    </ClInclude>
    <ClInclude Include="..\ConCommandBaseIterator.h">
      <Filter>Header Files</Filter>
    </ClInclude>
    <ClInclude Include="..\ConsoleDetours.h">
      <Filter>Header Files</Filter>
    </ClInclude>
    <ClInclude Include="..\ConVarManager.h">
      <Filter>Header Files</Filter>
    </ClInclude>
    <ClInclude Include="..\CoreConfig.h">
      <Filter>Header Files</Filter>
    </ClInclude>
    <ClInclude Include="..\Database.h">
      <Filter>Header Files</Filter>
    </ClInclude>
    <ClInclude Include="..\DebugReporter.h">
      <Filter>Header Files</Filter>
    </ClInclude>
    <ClInclude Include="..\EventManager.h">
      <Filter>Header Files</Filter>
    </ClInclude>
    <ClInclude Include="..\ExtensionSys.h">
      <Filter>Header Files</Filter>
    </ClInclude>
    <ClInclude Include="..\ForwardSys.h">
      <Filter>Header Files</Filter>
    </ClInclude>
    <ClInclude Include="..\frame_hooks.h">
      <Filter>Header Files</Filter>
    </ClInclude>
    <ClInclude Include="..\GameConfigs.h">
      <Filter>Header Files</Filter>
    </ClInclude>
    <ClInclude Include="..\HalfLife2.h">
      <Filter>Header Files</Filter>
    </ClInclude>
    <ClInclude Include="..\HandleSys.h">
      <Filter>Header Files</Filter>
    </ClInclude>
    <ClInclude Include="..\LibrarySys.h">
      <Filter>Header Files</Filter>
    </ClInclude>
    <ClInclude Include="..\Logger.h">
      <Filter>Header Files</Filter>
    </ClInclude>
    <ClInclude Include="..\logic_bridge.h">
      <Filter>Header Files</Filter>
    </ClInclude>
    <ClInclude Include="..\MemoryUtils.h">
      <Filter>Header Files</Filter>
    </ClInclude>
    <ClInclude Include="..\MenuManager.h">
      <Filter>Header Files</Filter>
    </ClInclude>
    <ClInclude Include="..\MenuStyle_Base.h">
      <Filter>Header Files</Filter>
    </ClInclude>
    <ClInclude Include="..\MenuStyle_Radio.h">
      <Filter>Header Files</Filter>
    </ClInclude>
    <ClInclude Include="..\MenuStyle_Valve.h">
      <Filter>Header Files</Filter>
    </ClInclude>
    <ClInclude Include="..\MenuVoting.h">
      <Filter>Header Files</Filter>
    </ClInclude>
    <ClInclude Include="..\NativeInvoker.h">
      <Filter>Header Files</Filter>
    </ClInclude>
    <ClInclude Include="..\NativeOwner.h">
      <Filter>Header Files</Filter>
    </ClInclude>
    <ClInclude Include="..\NextMap.h">
      <Filter>Header Files</Filter>
    </ClInclude>
    <ClInclude Include="..\PhraseCollection.h">
      <Filter>Header Files</Filter>
    </ClInclude>
    <ClInclude Include="..\PlayerManager.h">
      <Filter>Header Files</Filter>
    </ClInclude>
    <ClInclude Include="..\PluginInfoDatabase.h">
      <Filter>Header Files</Filter>
    </ClInclude>
    <ClInclude Include="..\PluginSys.h">
      <Filter>Header Files</Filter>
    </ClInclude>
    <ClInclude Include="..\ShareSys.h">
      <Filter>Header Files</Filter>
    </ClInclude>
    <ClInclude Include="..\sm_autonatives.h">
      <Filter>Header Files</Filter>
    </ClInclude>
    <ClInclude Include="..\sm_fastlink.h">
      <Filter>Header Files</Filter>
    </ClInclude>
    <ClInclude Include="..\sm_globals.h">
      <Filter>Header Files</Filter>
    </ClInclude>
    <ClInclude Include="..\sm_memtable.h">
      <Filter>Header Files</Filter>
    </ClInclude>
    <ClInclude Include="..\..\public\sm_platform.h">
      <Filter>Header Files</Filter>
    </ClInclude>
    <ClInclude Include="..\sm_queue.h">
      <Filter>Header Files</Filter>
    </ClInclude>
    <ClInclude Include="..\sm_simple_prioqueue.h">
      <Filter>Header Files</Filter>
    </ClInclude>
    <ClInclude Include="..\sm_srvcmds.h">
      <Filter>Header Files</Filter>
    </ClInclude>
    <ClInclude Include="..\sm_stringutil.h">
      <Filter>Header Files</Filter>
    </ClInclude>
    <ClInclude Include="..\sm_symtable.h">
      <Filter>Header Files</Filter>
    </ClInclude>
    <ClInclude Include="..\sm_trie.h">
      <Filter>Header Files</Filter>
    </ClInclude>
    <ClInclude Include="..\..\public\sm_trie_tpl.h">
      <Filter>Header Files</Filter>
    </ClInclude>
    <ClInclude Include="..\sm_version.h">
      <Filter>Header Files</Filter>
    </ClInclude>
    <ClInclude Include="..\smn_usermsgs.h">
      <Filter>Header Files</Filter>
    </ClInclude>
    <ClInclude Include="..\sourcemm_api.h">
      <Filter>Header Files</Filter>
    </ClInclude>
    <ClInclude Include="..\sourcemod.h">
      <Filter>Header Files</Filter>
    </ClInclude>
    <ClInclude Include="..\TimerSys.h">
      <Filter>Header Files</Filter>
    </ClInclude>
    <ClInclude Include="..\Translator.h">
      <Filter>Header Files</Filter>
    </ClInclude>
    <ClInclude Include="..\UserMessages.h">
      <Filter>Header Files</Filter>
    </ClInclude>
    <ClInclude Include="..\..\public\IAdminSystem.h">
      <Filter>Interfaces</Filter>
    </ClInclude>
    <ClInclude Include="..\..\public\IADTFactory.h">
      <Filter>Interfaces</Filter>
    </ClInclude>
    <ClInclude Include="..\..\public\IDataPack.h">
      <Filter>Interfaces</Filter>
    </ClInclude>
    <ClInclude Include="..\..\public\IDBDriver.h">
      <Filter>Interfaces</Filter>
    </ClInclude>
    <ClInclude Include="..\..\public\IExtensionSys.h">
      <Filter>Interfaces</Filter>
    </ClInclude>
    <ClInclude Include="..\..\public\IForwardSys.h">
      <Filter>Interfaces</Filter>
    </ClInclude>
    <ClInclude Include="..\..\public\IGameConfigs.h">
      <Filter>Interfaces</Filter>
    </ClInclude>
    <ClInclude Include="..\..\public\IGameHelpers.h">
      <Filter>Interfaces</Filter>
    </ClInclude>
    <ClInclude Include="..\..\public\IHandleSys.h">
      <Filter>Interfaces</Filter>
    </ClInclude>
    <ClInclude Include="..\..\public\ILibrarySys.h">
      <Filter>Interfaces</Filter>
    </ClInclude>
    <ClInclude Include="..\..\public\IMemoryUtils.h">
      <Filter>Interfaces</Filter>
    </ClInclude>
    <ClInclude Include="..\..\public\IMenuManager.h">
      <Filter>Interfaces</Filter>
    </ClInclude>
    <ClInclude Include="..\..\public\INativeInvoker.h">
      <Filter>Interfaces</Filter>
    </ClInclude>
    <ClInclude Include="..\..\public\IPlayerHelpers.h">
      <Filter>Interfaces</Filter>
    </ClInclude>
    <ClInclude Include="..\..\public\IPluginSys.h">
      <Filter>Interfaces</Filter>
    </ClInclude>
    <ClInclude Include="..\..\public\IRootConsoleMenu.h">
      <Filter>Interfaces</Filter>
    </ClInclude>
    <ClInclude Include="..\..\public\IShareSys.h">
      <Filter>Interfaces</Filter>
    </ClInclude>
    <ClInclude Include="..\..\public\ISourceMod.h">
      <Filter>Interfaces</Filter>
    </ClInclude>
    <ClInclude Include="..\..\public\ITextParsers.h">
      <Filter>Interfaces</Filter>
    </ClInclude>
    <ClInclude Include="..\..\public\ITimerSystem.h">
      <Filter>Interfaces</Filter>
    </ClInclude>
    <ClInclude Include="..\..\public\ITranslator.h">
      <Filter>Interfaces</Filter>
    </ClInclude>
    <ClInclude Include="..\..\public\IUserMessages.h">
      <Filter>Interfaces</Filter>
    </ClInclude>
    <ClInclude Include="..\..\public\sourcepawn\sp_file_headers.h">
      <Filter>SourcePawn</Filter>
    </ClInclude>
    <ClInclude Include="..\..\public\sourcepawn\sp_typeutil.h">
      <Filter>SourcePawn</Filter>
    </ClInclude>
    <ClInclude Include="..\..\public\sourcepawn\sp_vm_api.h">
      <Filter>SourcePawn</Filter>
    </ClInclude>
    <ClInclude Include="..\..\public\sourcepawn\sp_vm_base.h">
      <Filter>SourcePawn</Filter>
    </ClInclude>
    <ClInclude Include="..\..\public\sourcepawn\sp_vm_types.h">
      <Filter>SourcePawn</Filter>
    </ClInclude>
    <ClInclude Include="..\convar_sm.h">
      <Filter>HL2SDK</Filter>
    </ClInclude>
  </ItemGroup>
</Project>