Microsoft Visual Studio Solution File, Format Version 8.00
Project("{8BC9CEB8-8B4A-11D0-8D11-00A0C91BC942}") = "spcomp", "spcomp.vcproj", "{B4C844FF-008D-4BD5-B82F-DC06E706C64B}"
	ProjectSection(ProjectDependencies) = postProject
	EndProjectSection
EndProject
Global
	GlobalSection(SolutionConfiguration) = preSolution
		Debug = Debug
		Release = Release
	EndGlobalSection
	GlobalSection(ProjectConfiguration) = postSolution
		{B4C844FF-008D-4BD5-B82F-DC06E706C64B}.Debug.ActiveCfg = Debug|Win32
		{B4C844FF-008D-4BD5-B82F-DC06E706C64B}.Debug.Build.0 = Debug|Win32
		{B4C844FF-008D-4BD5-B82F-DC06E706C64B}.Release.ActiveCfg = Release|Win32
		{B4C844FF-008D-4BD5-B82F-DC06E706C64B}.Release.Build.0 = Release|Win32
	EndGlobalSection
	GlobalSection(ExtensibilityGlobals) = postSolution
	EndGlobalSection
	GlobalSection(ExtensibilityAddIns) = postSolution
	EndGlobalSection
EndGlobal
