<?xml version="1.0" encoding="utf-8"?>
<Project ToolsVersion="4.0" xmlns="http://schemas.microsoft.com/developer/msbuild/2003">
  <ItemGroup>
    <Filter Include="Source Files">
      <UniqueIdentifier>{3FC90E55-360F-4370-ACE2-67D7691AFB97}</UniqueIdentifier>
      <Extensions>cpp;c;cc;cxx;def;odl;idl;hpj;bat;asm;asmx</Extensions>
    </Filter>
    <Filter Include="Header Files">
      <UniqueIdentifier>{046AC4F8-1F40-462f-B652-698F87CDCA5F}</UniqueIdentifier>
      <Extensions>h;hpp;hxx;hm;inl;inc;xsd</Extensions>
    </Filter>
    <Filter Include="Resource Files">
      <UniqueIdentifier>{4B7443F9-4DC9-4e59-BC1B-465800502EBC}</UniqueIdentifier>
      <Extensions>rc;ico;cur;bmp;dlg;rc2;rct;bin;rgs;gif;jpg;jpeg;jpe;resx;tiff;tif;png;wav</Extensions>
    </Filter>
    <Filter Include="SourceMod SDK">
      <UniqueIdentifier>{223A2FA5-451B-4af5-9E85-162BF3598F7B}</UniqueIdentifier>
    </Filter>
  </ItemGroup>
  <ItemGroup>
    <ClCompile Include="..\asm\asm.c">
      <Filter>Source Files</Filter>
    </ClCompile>
    <ClCompile Include="..\CDetour\detours.cpp">
      <Filter>Source Files</Filter>
    </ClCompile>
    <ClCompile Include="..\extension.cpp">
      <Filter>Source Files</Filter>
    </ClCompile>
    <ClCompile Include="..\hooks.cpp">
      <Filter>Source Files</Filter>
    </ClCompile>
    <ClCompile Include="..\inputnatives.cpp">
      <Filter>Source Files</Filter>
    </ClCompile>
    <ClCompile Include="..\output.cpp">
      <Filter>Source Files</Filter>
    </ClCompile>
    <ClCompile Include="..\outputnatives.cpp">
      <Filter>Source Files</Filter>
    </ClCompile>
    <ClCompile Include="..\teamnatives.cpp">
      <Filter>Source Files</Filter>
    </ClCompile>
    <ClCompile Include="..\tempents.cpp">
      <Filter>Source Files</Filter>
    </ClCompile>
    <ClCompile Include="..\tenatives.cpp">
      <Filter>Source Files</Filter>
    </ClCompile>
    <ClCompile Include="..\trnatives.cpp">
      <Filter>Source Files</Filter>
    </ClCompile>
    <ClCompile Include="..\vcallbuilder.cpp">
      <Filter>Source Files</Filter>
    </ClCompile>
    <ClCompile Include="..\vcaller.cpp">
      <Filter>Source Files</Filter>
    </ClCompile>
    <ClCompile Include="..\vdecoder.cpp">
      <Filter>Source Files</Filter>
    </ClCompile>
    <ClCompile Include="..\vglobals.cpp">
      <Filter>Source Files</Filter>
    </ClCompile>
    <ClCompile Include="..\vhelpers.cpp">
      <Filter>Source Files</Filter>
    </ClCompile>
    <ClCompile Include="..\vnatives.cpp">
      <Filter>Source Files</Filter>
    </ClCompile>
    <ClCompile Include="..\voice.cpp">
      <Filter>Source Files</Filter>
    </ClCompile>
    <ClCompile Include="..\vsound.cpp">
      <Filter>Source Files</Filter>
    </ClCompile>
    <ClCompile Include="..\vstringtable.cpp">
      <Filter>Source Files</Filter>
    </ClCompile>
    <ClCompile Include="..\sdk\smsdk_ext.cpp">
      <Filter>SourceMod SDK</Filter>
    </ClCompile>
  </ItemGroup>
  <ItemGroup>
    <ClInclude Include="..\CellRecipientFilter.h">
      <Filter>Header Files</Filter>
    </ClInclude>
    <ClInclude Include="..\extension.h">
      <Filter>Header Files</Filter>
    </ClInclude>
    <ClInclude Include="..\hooks.h">
      <Filter>Header Files</Filter>
    </ClInclude>
    <ClInclude Include="..\..\..\public\extensions\ISDKTools.h">
      <Filter>Header Files</Filter>
    </ClInclude>
    <ClInclude Include="..\output.h">
      <Filter>Header Files</Filter>
    </ClInclude>
    <ClInclude Include="..\tempents.h">
      <Filter>Header Files</Filter>
    </ClInclude>
    <ClInclude Include="..\vcallbuilder.h">
      <Filter>Header Files</Filter>
    </ClInclude>
    <ClInclude Include="..\vdecoder.h">
      <Filter>Header Files</Filter>
    </ClInclude>
    <ClInclude Include="..\vglobals.h">
      <Filter>Header Files</Filter>
    </ClInclude>
    <ClInclude Include="..\vhelpers.h">
      <Filter>Header Files</Filter>
    </ClInclude>
    <ClInclude Include="..\vnatives.h">
      <Filter>Header Files</Filter>
    </ClInclude>
    <ClInclude Include="..\vsound.h">
      <Filter>Header Files</Filter>
    </ClInclude>
    <ClInclude Include="..\sdk\smsdk_config.h">
      <Filter>SourceMod SDK</Filter>
    </ClInclude>
    <ClInclude Include="..\sdk\smsdk_ext.h">
      <Filter>SourceMod SDK</Filter>
    </ClInclude>
  </ItemGroup>
</Project>