<?xml version="1.0" encoding="utf-8"?>
<Project ToolsVersion="4.0" xmlns="http://schemas.microsoft.com/developer/msbuild/2003">
  <ItemGroup>
    <Filter Include="Source Files">
      <UniqueIdentifier>{0318D835-E129-4fe0-9B9C-C810AC179F31}</UniqueIdentifier>
      <Extensions>cpp;c;cc;cxx;def;odl;idl;hpj;bat;asm;asmx</Extensions>
    </Filter>
    <Filter Include="Header Files">
      <UniqueIdentifier>{9021A2EF-600E-4028-AE3E-9DDA4C94264C}</UniqueIdentifier>
      <Extensions>h;hpp;hxx;hm;inl;inc;xsd</Extensions>
    </Filter>
    <Filter Include="Resource Files">
      <UniqueIdentifier>{C06F7BFF-18EE-4994-8572-D6383011354B}</UniqueIdentifier>
      <Extensions>rc;ico;cur;bmp;dlg;rc2;rct;bin;rgs;gif;jpg;jpeg;jpe;resx;tiff;tif;png;wav</Extensions>
    </Filter>
    <Filter Include="BinTools">
      <UniqueIdentifier>{7BD12831-E179-4961-A3B0-BA9FCF311C7E}</UniqueIdentifier>
    </Filter>
    <Filter Include="BinTools\Header Files">
      <UniqueIdentifier>{2B033553-ECC7-42cc-AD11-D1D985D8BC5A}</UniqueIdentifier>
      <Extensions>h;hpp;hxx;hm;inl;inc;xsd</Extensions>
    </Filter>
    <Filter Include="BinTools\Source Files">
      <UniqueIdentifier>{F70EA5AC-224C-448f-A72D-11C2D06208B3}</UniqueIdentifier>
      <Extensions>cpp;c;cc;cxx;def;odl;idl;hpj;bat;asm;asmx</Extensions>
    </Filter>
    <Filter Include="SourceMod SDK">
      <UniqueIdentifier>{6183251D-B1E4-4cc6-93B2-A0111B2115BA}</UniqueIdentifier>
    </Filter>
    <Filter Include="Interfaces">
      <UniqueIdentifier>{7DE81EA3-99D9-4f34-823A-B314791F3514}</UniqueIdentifier>
    </Filter>
  </ItemGroup>
  <ItemGroup>
    <ClCompile Include="..\extension.cpp">
      <Filter>Source Files</Filter>
    </ClCompile>
    <ClCompile Include="..\CallMaker.cpp">
      <Filter>BinTools\Source Files</Filter>
    </ClCompile>
    <ClCompile Include="..\CallWrapper.cpp">
      <Filter>BinTools\Source Files</Filter>
    </ClCompile>
    <ClCompile Include="..\HookWrapper.cpp">
      <Filter>BinTools\Source Files</Filter>
    </ClCompile>
    <ClCompile Include="..\jit_call.cpp">
      <Filter>BinTools\Source Files</Filter>
    </ClCompile>
    <ClCompile Include="..\jit_hook.cpp">
      <Filter>BinTools\Source Files</Filter>
    </ClCompile>
    <ClCompile Include="..\sdk\smsdk_ext.cpp">
      <Filter>SourceMod SDK</Filter>
    </ClCompile>
  </ItemGroup>
  <ItemGroup>
    <ClInclude Include="..\extension.h">
      <Filter>Header Files</Filter>
    </ClInclude>
    <ClInclude Include="..\..\..\public\extensions\IBinTools.h">
      <Filter>Resource Files</Filter>
    </ClInclude>
    <ClInclude Include="..\CallMaker.h">
      <Filter>BinTools\Header Files</Filter>
    </ClInclude>
    <ClInclude Include="..\CallWrapper.h">
      <Filter>BinTools\Header Files</Filter>
    </ClInclude>
    <ClInclude Include="..\HookWrapper.h">
      <Filter>BinTools\Header Files</Filter>
    </ClInclude>
    <ClInclude Include="..\jit_compile.h">
      <Filter>BinTools\Header Files</Filter>
    </ClInclude>
    <ClInclude Include="..\sdk\smsdk_config.h">
      <Filter>SourceMod SDK</Filter>
    </ClInclude>
    <ClInclude Include="..\sdk\smsdk_ext.h">
      <Filter>SourceMod SDK</Filter>
    </ClInclude>
  </ItemGroup>
  <ItemGroup>
    <ResourceCompile Include="..\version.rc">
      <Filter>Resource Files</Filter>
    </ResourceCompile>
  </ItemGroup>
</Project>