
Microsoft Visual Studio Solution File, Format Version 10.00
# Visual Studio 2008
Project("{8BC9CEB8-8B4A-11D0-8D11-00A0C91BC942}") = "bintools", "bintools.vcproj", "{E38F65D9-74B2-4373-B46A-DBB76F579F98}"
EndProject
Global
	GlobalSection(SolutionConfigurationPlatforms) = preSolution
		Debug|Win32 = Debug|Win32
		Release|Win32 = Release|Win32
	EndGlobalSection
	GlobalSection(ProjectConfigurationPlatforms) = postSolution
		{E38F65D9-74B2-4373-B46A-DBB76F579F98}.Debug|Win32.ActiveCfg = Debug|Win32
		{E38F65D9-74B2-4373-B46A-DBB76F579F98}.Debug|Win32.Build.0 = Debug|Win32
		{E38F65D9-74B2-4373-B46A-DBB76F579F98}.Release|Win32.ActiveCfg = Release|Win32
		{E38F65D9-74B2-4373-B46A-DBB76F579F98}.Release|Win32.Build.0 = Release|Win32
	EndGlobalSection
	GlobalSection(SolutionProperties) = preSolution
		HideSolutionNode = FALSE
	EndGlobalSection
EndGlobal
