<?xml version="1.0" encoding="utf-8"?>
<Project ToolsVersion="4.0" xmlns="http://schemas.microsoft.com/developer/msbuild/2003">
  <ItemGroup>
    <Filter Include="Source Files">
      <UniqueIdentifier>{4FC737F1-C7A5-4376-A066-2A32D752A2FF}</UniqueIdentifier>
      <Extensions>cpp;c;cc;cxx;def;odl;idl;hpj;bat;asm;asmx</Extensions>
    </Filter>
    <Filter Include="Header Files">
      <UniqueIdentifier>{93995380-89BD-4b04-88EB-625FBE52EBFB}</UniqueIdentifier>
      <Extensions>h;hpp;hxx;hm;inl;inc;xsd</Extensions>
    </Filter>
    <Filter Include="Resource Files">
      <UniqueIdentifier>{67DA6AB6-F800-4c08-8B7A-83BB121AAD01}</UniqueIdentifier>
      <Extensions>rc;ico;cur;bmp;dlg;rc2;rct;bin;rgs;gif;jpg;jpeg;jpe;resx;tiff;tif;png;wav;mfcribbon-ms</Extensions>
    </Filter>
    <Filter Include="Header Files\Require">
      <UniqueIdentifier>{8f40eb80-ff47-48bb-8386-bbccd8654fe3}</UniqueIdentifier>
      <Extensions>
      </Extensions>
    </Filter>
    <Filter Include="Source Files\Require">
      <UniqueIdentifier>{f1687a74-1628-47f4-864b-c660460387c8}</UniqueIdentifier>
    </Filter>
    <Filter Include="Header Files\Public">
      <UniqueIdentifier>{d9462ed7-d61d-4f9e-96e5-6d616f5dfa70}</UniqueIdentifier>
    </Filter>
  </ItemGroup>
  <ItemGroup>
    <ClCompile Include="..\V8Manager.cpp">
      <Filter>Source Files</Filter>
    </ClCompile>
    <ClCompile Include="..\SPAPIPluginContextEmulation.cpp">
      <Filter>Source Files</Filter>
    </ClCompile>
    <ClCompile Include="..\SPAPIPluginRuntimeEmulation.cpp">
      <Filter>Source Files</Filter>
    </ClCompile>
    <ClCompile Include="..\SPAPIPluginFunctionEmulation.cpp">
      <Filter>Source Files</Filter>
    </ClCompile>
    <ClCompile Include="..\V8ToSPMarshaller.cpp">
      <Filter>Source Files</Filter>
    </ClCompile>
    <ClCompile Include="..\dll_exports.cpp">
      <Filter>Source Files</Filter>
    </ClCompile>
    <ClCompile Include="..\Require\CurrentDirectoryProvider.cpp">
      <Filter>Source Files\Require</Filter>
    </ClCompile>
    <ClCompile Include="..\Require\PackageRepositoryProvider.cpp">
      <Filter>Source Files\Require</Filter>
    </ClCompile>
    <ClCompile Include="..\Require\RequireManager.cpp">
      <Filter>Source Files\Require</Filter>
    </ClCompile>
    <ClCompile Include="..\ScriptLoader.cpp">
      <Filter>Source Files</Filter>
    </ClCompile>
    <ClCompile Include="..\DependencyManager.cpp">
      <Filter>Source Files</Filter>
    </ClCompile>
  </ItemGroup>
  <ItemGroup>
    <None Include="ClassDiagram.cd" />
  </ItemGroup>
  <ItemGroup>
    <ClInclude Include="..\dll_exports.h">
      <Filter>Header Files</Filter>
    </ClInclude>
    <ClInclude Include="..\Require\CurrentDirectoryProvider.h">
      <Filter>Header Files\Require</Filter>
    </ClInclude>
    <ClInclude Include="..\Require\IRequireProvider.h">
      <Filter>Header Files\Require</Filter>
    </ClInclude>
    <ClInclude Include="..\Require\PackageRepositoryProvider.h">
      <Filter>Header Files\Require</Filter>
    </ClInclude>
    <ClInclude Include="..\Require\RequireManager.h">
      <Filter>Header Files\Require</Filter>
    </ClInclude>
    <ClInclude Include="..\ScriptLoader.h">
      <Filter>Header Files</Filter>
    </ClInclude>
    <ClInclude Include="..\DependencyManager.h">
      <Filter>Header Files</Filter>
    </ClInclude>
    <ClInclude Include="..\V8Manager.h">
      <Filter>Header Files</Filter>
    </ClInclude>
    <ClInclude Include="..\..\public\v8\IV8Manager.h">
      <Filter>Header Files\Public</Filter>
    </ClInclude>
    <ClInclude Include="..\Marshaller.h">
      <Filter>Header Files</Filter>
    </ClInclude>
    <ClInclude Include="..\SPAPIEmulation.h">
      <Filter>Header Files</Filter>
    </ClInclude>
  </ItemGroup>
</Project>