<?xml version="1.0" encoding="utf-8"?>
<Project ToolsVersion="4.0" xmlns="http://schemas.microsoft.com/developer/msbuild/2003">
  <ItemGroup>
    <Filter Include="Source Files">
      <UniqueIdentifier>{4FC737F1-C7A5-4376-A066-2A32D752A2FF}</UniqueIdentifier>
      <Extensions>cpp;c;cc;cxx;def;odl;idl;hpj;bat;asm;asmx</Extensions>
    </Filter>
    <Filter Include="Header Files">
      <UniqueIdentifier>{93995380-89BD-4b04-88EB-625FBE52EBFB}</UniqueIdentifier>
      <Extensions>h;hpp;hxx;hm;inl;inc;xsd</Extensions>
    </Filter>
    <Filter Include="Resource Files">
      <UniqueIdentifier>{67DA6AB6-F800-4c08-8B7A-83BB121AAD01}</UniqueIdentifier>
      <Extensions>rc;ico;cur;bmp;dlg;rc2;rct;bin;rgs;gif;jpg;jpeg;jpe;resx;tiff;tif;png;wav</Extensions>
    </Filter>
    <Filter Include="SourceMod SDK">
      <UniqueIdentifier>{31958233-BB2D-4e41-A8F9-CE8A4684F436}</UniqueIdentifier>
    </Filter>
    <Filter Include="SQLite Source">
      <UniqueIdentifier>{befce3ed-4516-4190-b88b-8e851fb08b7a}</UniqueIdentifier>
    </Filter>
    <Filter Include="SQLite Source\Header Files">
      <UniqueIdentifier>{1c5893c1-d6df-4b97-8212-622e992d5426}</UniqueIdentifier>
    </Filter>
    <Filter Include="SQLite Source\Source Files">
      <UniqueIdentifier>{bde390b0-58aa-4805-b8bb-06c15aca9bb4}</UniqueIdentifier>
    </Filter>
    <Filter Include="Driver">
      <UniqueIdentifier>{aa3d4cd6-c36b-4c59-8761-55d13b414df0}</UniqueIdentifier>
    </Filter>
    <Filter Include="Driver\Source Files">
      <UniqueIdentifier>{41b5e441-03e2-4c1b-80b9-ebeb0caafbf3}</UniqueIdentifier>
    </Filter>
    <Filter Include="Driver\Header Files">
      <UniqueIdentifier>{3eddb954-2a2a-49d3-a27b-0a7f8c328ac6}</UniqueIdentifier>
    </Filter>
  </ItemGroup>
  <ItemGroup>
    <ClCompile Include="..\extension.cpp">
      <Filter>Source Files</Filter>
    </ClCompile>
    <ClCompile Include="..\sdk\sm_memtable.cpp">
      <Filter>SourceMod SDK</Filter>
    </ClCompile>
    <ClCompile Include="..\sdk\smsdk_ext.cpp">
      <Filter>SourceMod SDK</Filter>
    </ClCompile>
    <ClCompile Include="..\sqlite-source\sqlite3.c">
      <Filter>SQLite Source\Source Files</Filter>
    </ClCompile>
    <ClCompile Include="..\driver\SqDatabase.cpp">
      <Filter>Driver\Source Files</Filter>
    </ClCompile>
    <ClCompile Include="..\driver\SqDriver.cpp">
      <Filter>Driver\Source Files</Filter>
    </ClCompile>
    <ClCompile Include="..\driver\SqQuery.cpp">
      <Filter>Driver\Source Files</Filter>
    </ClCompile>
    <ClCompile Include="..\driver\SqResults.cpp">
      <Filter>Driver\Source Files</Filter>
    </ClCompile>
  </ItemGroup>
  <ItemGroup>
    <ClInclude Include="..\extension.h">
      <Filter>Header Files</Filter>
    </ClInclude>
    <ClInclude Include="..\..\..\public\IDBDriver.h">
      <Filter>Resource Files</Filter>
    </ClInclude>
    <ClInclude Include="..\sdk\sm_memtable.h">
      <Filter>SourceMod SDK</Filter>
    </ClInclude>
    <ClInclude Include="..\sdk\smsdk_config.h">
      <Filter>SourceMod SDK</Filter>
    </ClInclude>
    <ClInclude Include="..\sdk\smsdk_ext.h">
      <Filter>SourceMod SDK</Filter>
    </ClInclude>
    <ClInclude Include="..\sqlite-source\sqlite3.h">
      <Filter>SQLite Source\Header Files</Filter>
    </ClInclude>
    <ClInclude Include="..\driver\SqDatabase.h">
      <Filter>Driver\Header Files</Filter>
    </ClInclude>
    <ClInclude Include="..\driver\SqDriver.h">
      <Filter>Driver\Header Files</Filter>
    </ClInclude>
    <ClInclude Include="..\driver\SqQuery.h">
      <Filter>Driver\Header Files</Filter>
    </ClInclude>
    <ClInclude Include="..\driver\SqResults.h">
      <Filter>Driver\Header Files</Filter>
    </ClInclude>
  </ItemGroup>
  <ItemGroup>
    <ResourceCompile Include="..\version.rc">
      <Filter>Resource Files</Filter>
    </ResourceCompile>
  </ItemGroup>
</Project>